
Microsoft Visual Studio Solution File, Format Version 12.00
# Visual Studio Version 16
VisualStudioVersion = 16.0.31515.178
MinimumVisualStudioVersion = 10.0.40219.1
Project("{FAE04EC0-301F-11D3-BF4B-00C04F79EFBC}") = "WebApplication2", "WebApplication2\WebApplication2.csproj", "{95281F23-2A5A-4240-92DA-9CA7AD948F31}"
EndProject
Global
	GlobalSection(SolutionConfigurationPlatforms) = preSolution
		Debug|Any CPU = Debug|Any CPU
		Release|Any CPU = Release|Any CPU
	EndGlobalSection
	GlobalSection(ProjectConfigurationPlatforms) = postSolution
		{95281F23-2A5A-4240-92DA-9CA7AD948F31}.Debug|Any CPU.ActiveCfg = Debug|Any CPU
		{95281F23-2A5A-4240-92DA-9CA7AD948F31}.Debug|Any CPU.Build.0 = Debug|Any CPU
		{95281F23-2A5A-4240-92DA-9CA7AD948F31}.Release|Any CPU.ActiveCfg = Release|Any CPU
		{95281F23-2A5A-4240-92DA-9CA7AD948F31}.Release|Any CPU.Build.0 = Release|Any CPU
	EndGlobalSection
	GlobalSection(SolutionProperties) = preSolution
		HideSolutionNode = FALSE
	EndGlobalSection
	GlobalSection(ExtensibilityGlobals) = postSolution
		SolutionGuid = {3B7387C7-3B62-4244-A355-F5FEA860D8FF}
	EndGlobalSection
EndGlobal
